// !$*UTF8*$!
{
	archiveVersion = 1;
	classes = {
	};
	objectVersion = 56;
	objects = {

/* Begin PBXBuildFile section */
		FF27F5452BBC2C54003B1C5B /* privImpl.cpp in Sources */ = {isa = PBXBuildFile; fileRef = FF27F5442BBC2C54003B1C5B /* privImpl.cpp */; };
		FF27F55F2BBD0779003B1C5B /* @m..@s..@s..@s..@s..@s..@sopt@shomebrew@sCellar@snim@s2.0.0_1@snim@slib@sstd@sprivate@sdigitsutils.nim.cpp in Sources */ = {isa = PBXBuildFile; fileRef = FF27F5562BBD074D003B1C5B /* @m..@s..@s..@s..@s..@s..@sopt@shomebrew@sCellar@snim@s2.0.0_1@snim@slib@sstd@sprivate@sdigitsutils.nim.cpp */; };
		FF27F5602BBD0779003B1C5B /* @m..@s..@s..@s..@s..@s..@sopt@shomebrew@sCellar@snim@s2.0.0_1@snim@slib@ssystem.nim.cpp in Sources */ = {isa = PBXBuildFile; fileRef = FF27F5572BBD074D003B1C5B /* @m..@s..@s..@s..@s..@s..@sopt@shomebrew@sCellar@snim@s2.0.0_1@snim@slib@ssystem.nim.cpp */; };
		FF27F5612BBD0779003B1C5B /* @m..@s..@s..@s..@s..@s..@sopt@shomebrew@sCellar@snim@s2.0.0_1@snim@slib@ssystem@sdollars.nim.cpp in Sources */ = {isa = PBXBuildFile; fileRef = FF27F5582BBD074D003B1C5B /* @m..@s..@s..@s..@s..@s..@sopt@shomebrew@sCellar@snim@s2.0.0_1@snim@slib@ssystem@sdollars.nim.cpp */; };
		FF27F5622BBD0779003B1C5B /* @m..@s..@s..@s..@s..@s..@sopt@shomebrew@sCellar@snim@s2.0.0_1@snim@slib@ssystem@sexceptions.nim.cpp in Sources */ = {isa = PBXBuildFile; fileRef = FF27F5592BBD074D003B1C5B /* @m..@s..@s..@s..@s..@s..@sopt@shomebrew@sCellar@snim@s2.0.0_1@snim@slib@ssystem@sexceptions.nim.cpp */; };
		FF27F5632BBD0779003B1C5B /* @mNimMetalRenderer.nim.cpp in Sources */ = {isa = PBXBuildFile; fileRef = FF27F55A2BBD074D003B1C5B /* @mNimMetalRenderer.nim.cpp */; };
		FF27F5682BBD0BF8003B1C5B /* AppDelegate.mm in Sources */ = {isa = PBXBuildFile; fileRef = FF27F5672BBD0BF8003B1C5B /* AppDelegate.mm */; };
		FF27F56A2BBD0DFB003B1C5B /* nimbase.h in Sources */ = {isa = PBXBuildFile; fileRef = FF27F55C2BBD074D003B1C5B /* nimbase.h */; };
		FF27F56B2BBD0DFB003B1C5B /* NimMetalRenderer.h in Sources */ = {isa = PBXBuildFile; fileRef = FF27F55D2BBD074D003B1C5B /* NimMetalRenderer.h */; };
		FF9AC3EA2BB3DD7800584794 /* CppMetalRendererWrapper.mm in Sources */ = {isa = PBXBuildFile; fileRef = FF9AC3E92BB3DD7800584794 /* CppMetalRendererWrapper.mm */; };
		FFD753A92BAD565D0037DF49 /* avptest2App.swift in Sources */ = {isa = PBXBuildFile; fileRef = FFD753A82BAD565D0037DF49 /* avptest2App.swift */; };
		FFD753AB2BAD565D0037DF49 /* ContentView.swift in Sources */ = {isa = PBXBuildFile; fileRef = FFD753AA2BAD565D0037DF49 /* ContentView.swift */; };
		FFD753AD2BAD565E0037DF49 /* Assets.xcassets in Resources */ = {isa = PBXBuildFile; fileRef = FFD753AC2BAD565E0037DF49 /* Assets.xcassets */; };
		FFD753B02BAD565E0037DF49 /* Preview Assets.xcassets in Resources */ = {isa = PBXBuildFile; fileRef = FFD753AF2BAD565E0037DF49 /* Preview Assets.xcassets */; };
		FFD753B92BAD59670037DF49 /* Foundation.framework in Frameworks */ = {isa = PBXBuildFile; fileRef = FFD753B82BAD59670037DF49 /* Foundation.framework */; };
		FFD753BB2BAD59710037DF49 /* QuartzCore.framework in Frameworks */ = {isa = PBXBuildFile; fileRef = FFD753BA2BAD59710037DF49 /* QuartzCore.framework */; };
		FFD753BD2BAD597C0037DF49 /* Metal.framework in Frameworks */ = {isa = PBXBuildFile; fileRef = FFD753BC2BAD597C0037DF49 /* Metal.framework */; };
		FFD753C12BAD782D0037DF49 /* ExampleShader.metal in Sources */ = {isa = PBXBuildFile; fileRef = FFD753C02BAD782D0037DF49 /* ExampleShader.metal */; };
/* End PBXBuildFile section */

/* Begin PBXFileReference section */
		FF27F5442BBC2C54003B1C5B /* privImpl.cpp */ = {isa = PBXFileReference; lastKnownFileType = sourcecode.cpp.cpp; path = privImpl.cpp; sourceTree = "<group>"; };
		FF27F5562BBD074D003B1C5B /* @m..@s..@s..@s..@s..@s..@sopt@shomebrew@sCellar@snim@s2.0.0_1@snim@slib@sstd@sprivate@sdigitsutils.nim.cpp */ = {isa = PBXFileReference; lastKnownFileType = sourcecode.cpp.cpp; path = "@m..@s..@s..@s..@s..@s..@sopt@shomebrew@sCellar@snim@s2.0.0_1@snim@slib@sstd@sprivate@sdigitsutils.nim.cpp"; sourceTree = "<group>"; };
		FF27F5572BBD074D003B1C5B /* @m..@s..@s..@s..@s..@s..@sopt@shomebrew@sCellar@snim@s2.0.0_1@snim@slib@ssystem.nim.cpp */ = {isa = PBXFileReference; lastKnownFileType = sourcecode.cpp.cpp; path = "@m..@s..@s..@s..@s..@s..@sopt@shomebrew@sCellar@snim@s2.0.0_1@snim@slib@ssystem.nim.cpp"; sourceTree = "<group>"; };
		FF27F5582BBD074D003B1C5B /* @m..@s..@s..@s..@s..@s..@sopt@shomebrew@sCellar@snim@s2.0.0_1@snim@slib@ssystem@sdollars.nim.cpp */ = {isa = PBXFileReference; lastKnownFileType = sourcecode.cpp.cpp; path = "@m..@s..@s..@s..@s..@s..@sopt@shomebrew@sCellar@snim@s2.0.0_1@snim@slib@ssystem@sdollars.nim.cpp"; sourceTree = "<group>"; };
		FF27F5592BBD074D003B1C5B /* @m..@s..@s..@s..@s..@s..@sopt@shomebrew@sCellar@snim@s2.0.0_1@snim@slib@ssystem@sexceptions.nim.cpp */ = {isa = PBXFileReference; lastKnownFileType = sourcecode.cpp.cpp; path = "@m..@s..@s..@s..@s..@s..@sopt@shomebrew@sCellar@snim@s2.0.0_1@snim@slib@ssystem@sexceptions.nim.cpp"; sourceTree = "<group>"; };
		FF27F55A2BBD074D003B1C5B /* @mNimMetalRenderer.nim.cpp */ = {isa = PBXFileReference; lastKnownFileType = sourcecode.cpp.cpp; path = "@mNimMetalRenderer.nim.cpp"; sourceTree = "<group>"; };
		FF27F55B2BBD074D003B1C5B /* libNimMetalRenderer.json */ = {isa = PBXFileReference; lastKnownFileType = text.json; path = libNimMetalRenderer.json; sourceTree = "<group>"; };
		FF27F55C2BBD074D003B1C5B /* nimbase.h */ = {isa = PBXFileReference; lastKnownFileType = sourcecode.c.h; path = nimbase.h; sourceTree = "<group>"; };
		FF27F55D2BBD074D003B1C5B /* NimMetalRenderer.h */ = {isa = PBXFileReference; lastKnownFileType = sourcecode.c.h; path = NimMetalRenderer.h; sourceTree = "<group>"; };
		FF27F5672BBD0BF8003B1C5B /* AppDelegate.mm */ = {isa = PBXFileReference; lastKnownFileType = sourcecode.cpp.objcpp; path = AppDelegate.mm; sourceTree = "<group>"; };
		FF27F5692BBD0C0C003B1C5B /* AppDelegate.h */ = {isa = PBXFileReference; lastKnownFileType = sourcecode.c.h; path = AppDelegate.h; sourceTree = "<group>"; };
		FF9AC3E62BB3D9AD00584794 /* avptest2-Bridging-Header.h */ = {isa = PBXFileReference; lastKnownFileType = sourcecode.c.h; path = "avptest2-Bridging-Header.h"; sourceTree = "<group>"; };
		FF9AC3E92BB3DD7800584794 /* CppMetalRendererWrapper.mm */ = {isa = PBXFileReference; lastKnownFileType = sourcecode.cpp.objcpp; path = CppMetalRendererWrapper.mm; sourceTree = "<group>"; };
		FF9AC3EB2BB3DD8B00584794 /* CppMetalRendererWrapper.h */ = {isa = PBXFileReference; lastKnownFileType = sourcecode.c.h; path = CppMetalRendererWrapper.h; sourceTree = "<group>"; };
		FFD753A12BAD565D0037DF49 /* avptest2.app */ = {isa = PBXFileReference; explicitFileType = wrapper.application; includeInIndex = 0; path = avptest2.app; sourceTree = BUILT_PRODUCTS_DIR; };
		FFD753A82BAD565D0037DF49 /* avptest2App.swift */ = {isa = PBXFileReference; lastKnownFileType = sourcecode.swift; path = avptest2App.swift; sourceTree = "<group>"; };
		FFD753AA2BAD565D0037DF49 /* ContentView.swift */ = {isa = PBXFileReference; lastKnownFileType = sourcecode.swift; path = ContentView.swift; sourceTree = "<group>"; };
		FFD753AC2BAD565E0037DF49 /* Assets.xcassets */ = {isa = PBXFileReference; lastKnownFileType = folder.assetcatalog; path = Assets.xcassets; sourceTree = "<group>"; };
		FFD753AF2BAD565E0037DF49 /* Preview Assets.xcassets */ = {isa = PBXFileReference; lastKnownFileType = folder.assetcatalog; path = "Preview Assets.xcassets"; sourceTree = "<group>"; };
		FFD753B12BAD565E0037DF49 /* Info.plist */ = {isa = PBXFileReference; lastKnownFileType = text.plist.xml; path = Info.plist; sourceTree = "<group>"; };
		FFD753B82BAD59670037DF49 /* Foundation.framework */ = {isa = PBXFileReference; lastKnownFileType = wrapper.framework; name = Foundation.framework; path = System/Library/Frameworks/Foundation.framework; sourceTree = SDKROOT; };
		FFD753BA2BAD59710037DF49 /* QuartzCore.framework */ = {isa = PBXFileReference; lastKnownFileType = wrapper.framework; name = QuartzCore.framework; path = System/Library/Frameworks/QuartzCore.framework; sourceTree = SDKROOT; };
		FFD753BC2BAD597C0037DF49 /* Metal.framework */ = {isa = PBXFileReference; lastKnownFileType = wrapper.framework; name = Metal.framework; path = System/Library/Frameworks/Metal.framework; sourceTree = SDKROOT; };
		FFD753C02BAD782D0037DF49 /* ExampleShader.metal */ = {isa = PBXFileReference; lastKnownFileType = sourcecode.metal; path = ExampleShader.metal; sourceTree = "<group>"; };
/* End PBXFileReference section */

/* Begin PBXFrameworksBuildPhase section */
		FFD7539E2BAD565D0037DF49 /* Frameworks */ = {
			isa = PBXFrameworksBuildPhase;
			buildActionMask = 2147483647;
			files = (
				FFD753BD2BAD597C0037DF49 /* Metal.framework in Frameworks */,
				FFD753BB2BAD59710037DF49 /* QuartzCore.framework in Frameworks */,
				FFD753B92BAD59670037DF49 /* Foundation.framework in Frameworks */,
			);
			runOnlyForDeploymentPostprocessing = 0;
		};
/* End PBXFrameworksBuildPhase section */

/* Begin PBXGroup section */
		FF27F55E2BBD074D003B1C5B /* nimcache */ = {
			isa = PBXGroup;
			children = (
				FF27F5562BBD074D003B1C5B /* @m..@s..@s..@s..@s..@s..@sopt@shomebrew@sCellar@snim@s2.0.0_1@snim@slib@sstd@sprivate@sdigitsutils.nim.cpp */,
				FF27F5572BBD074D003B1C5B /* @m..@s..@s..@s..@s..@s..@sopt@shomebrew@sCellar@snim@s2.0.0_1@snim@slib@ssystem.nim.cpp */,
				FF27F5582BBD074D003B1C5B /* @m..@s..@s..@s..@s..@s..@sopt@shomebrew@sCellar@snim@s2.0.0_1@snim@slib@ssystem@sdollars.nim.cpp */,
				FF27F5592BBD074D003B1C5B /* @m..@s..@s..@s..@s..@s..@sopt@shomebrew@sCellar@snim@s2.0.0_1@snim@slib@ssystem@sexceptions.nim.cpp */,
				FF27F55A2BBD074D003B1C5B /* @mNimMetalRenderer.nim.cpp */,
				FF27F55B2BBD074D003B1C5B /* libNimMetalRenderer.json */,
				FF27F55C2BBD074D003B1C5B /* nimbase.h */,
				FF27F55D2BBD074D003B1C5B /* NimMetalRenderer.h */,
			);
			name = nimcache;
			path = build/nimcache;
			sourceTree = "<group>";
		};
		FFD753982BAD565D0037DF49 = {
			isa = PBXGroup;
			children = (
				FF27F55E2BBD074D003B1C5B /* nimcache */,
				FFD753A32BAD565D0037DF49 /* avptest2 */,
				FFD753A22BAD565D0037DF49 /* Products */,
				FFD753B72BAD59670037DF49 /* Frameworks */,
			);
			sourceTree = "<group>";
		};
		FFD753A22BAD565D0037DF49 /* Products */ = {
			isa = PBXGroup;
			children = (
				FFD753A12BAD565D0037DF49 /* avptest2.app */,
			);
			name = Products;
			sourceTree = "<group>";
		};
		FFD753A32BAD565D0037DF49 /* avptest2 */ = {
			isa = PBXGroup;
			children = (
				FFD753A82BAD565D0037DF49 /* avptest2App.swift */,
				FFD753AA2BAD565D0037DF49 /* ContentView.swift */,
				FF9AC3EB2BB3DD8B00584794 /* CppMetalRendererWrapper.h */,
				FF9AC3E92BB3DD7800584794 /* CppMetalRendererWrapper.mm */,
				FFD753C02BAD782D0037DF49 /* ExampleShader.metal */,
				FFD753AC2BAD565E0037DF49 /* Assets.xcassets */,
				FFD753B12BAD565E0037DF49 /* Info.plist */,
				FFD753AE2BAD565E0037DF49 /* Preview Content */,
				FF9AC3E62BB3D9AD00584794 /* avptest2-Bridging-Header.h */,
				FF27F5442BBC2C54003B1C5B /* privImpl.cpp */,
				FF27F5692BBD0C0C003B1C5B /* AppDelegate.h */,
				FF27F5672BBD0BF8003B1C5B /* AppDelegate.mm */,
			);
			path = avptest2;
			sourceTree = "<group>";
		};
		FFD753AE2BAD565E0037DF49 /* Preview Content */ = {
			isa = PBXGroup;
			children = (
				FFD753AF2BAD565E0037DF49 /* Preview Assets.xcassets */,
			);
			path = "Preview Content";
			sourceTree = "<group>";
		};
		FFD753B72BAD59670037DF49 /* Frameworks */ = {
			isa = PBXGroup;
			children = (
				FFD753BC2BAD597C0037DF49 /* Metal.framework */,
				FFD753BA2BAD59710037DF49 /* QuartzCore.framework */,
				FFD753B82BAD59670037DF49 /* Foundation.framework */,
			);
			name = Frameworks;
			sourceTree = "<group>";
		};
/* End PBXGroup section */

/* Begin PBXNativeTarget section */
		FFD753A02BAD565D0037DF49 /* avptest2 */ = {
			isa = PBXNativeTarget;
			buildConfigurationList = FFD753B42BAD565E0037DF49 /* Build configuration list for PBXNativeTarget "avptest2" */;
			buildPhases = (
				FFD7539D2BAD565D0037DF49 /* Sources */,
				FFD7539E2BAD565D0037DF49 /* Frameworks */,
				FFD7539F2BAD565D0037DF49 /* Resources */,
			);
			buildRules = (
			);
			dependencies = (
			);
			name = avptest2;
			packageProductDependencies = (
			);
			productName = avptest2;
			productReference = FFD753A12BAD565D0037DF49 /* avptest2.app */;
			productType = "com.apple.product-type.application";
		};
/* End PBXNativeTarget section */

/* Begin PBXProject section */
		FFD753992BAD565D0037DF49 /* Project object */ = {
			isa = PBXProject;
			attributes = {
				BuildIndependentTargetsInParallel = 1;
				LastSwiftUpdateCheck = 1530;
				LastUpgradeCheck = 1530;
				TargetAttributes = {
					FFD753A02BAD565D0037DF49 = {
						CreatedOnToolsVersion = 15.3;
						LastSwiftMigration = 1530;
					};
				};
			};
			buildConfigurationList = FFD7539C2BAD565D0037DF49 /* Build configuration list for PBXProject "avptest2" */;
			compatibilityVersion = "Xcode 14.0";
			developmentRegion = en;
			hasScannedForEncodings = 0;
			knownRegions = (
				en,
				Base,
			);
			mainGroup = FFD753982BAD565D0037DF49;
			productRefGroup = FFD753A22BAD565D0037DF49 /* Products */;
			projectDirPath = "";
			projectRoot = "";
			targets = (
				FFD753A02BAD565D0037DF49 /* avptest2 */,
			);
		};
/* End PBXProject section */

/* Begin PBXResourcesBuildPhase section */
		FFD7539F2BAD565D0037DF49 /* Resources */ = {
			isa = PBXResourcesBuildPhase;
			buildActionMask = 2147483647;
			files = (
				FFD753B02BAD565E0037DF49 /* Preview Assets.xcassets in Resources */,
				FFD753AD2BAD565E0037DF49 /* Assets.xcassets in Resources */,
			);
			runOnlyForDeploymentPostprocessing = 0;
		};
/* End PBXResourcesBuildPhase section */

/* Begin PBXSourcesBuildPhase section */
		FFD7539D2BAD565D0037DF49 /* Sources */ = {
			isa = PBXSourcesBuildPhase;
			buildActionMask = 2147483647;
			files = (
				FF27F5452BBC2C54003B1C5B /* privImpl.cpp in Sources */,
				FF27F56A2BBD0DFB003B1C5B /* nimbase.h in Sources */,
				FF27F56B2BBD0DFB003B1C5B /* NimMetalRenderer.h in Sources */,
				FF27F55F2BBD0779003B1C5B /* @m..@s..@s..@s..@s..@s..@sopt@shomebrew@sCellar@snim@s2.0.0_1@snim@slib@sstd@sprivate@sdigitsutils.nim.cpp in Sources */,
				FF27F5602BBD0779003B1C5B /* @m..@s..@s..@s..@s..@s..@sopt@shomebrew@sCellar@snim@s2.0.0_1@snim@slib@ssystem.nim.cpp in Sources */,
				FF27F5612BBD0779003B1C5B /* @m..@s..@s..@s..@s..@s..@sopt@shomebrew@sCellar@snim@s2.0.0_1@snim@slib@ssystem@sdollars.nim.cpp in Sources */,
				FF27F5622BBD0779003B1C5B /* @m..@s..@s..@s..@s..@s..@sopt@shomebrew@sCellar@snim@s2.0.0_1@snim@slib@ssystem@sexceptions.nim.cpp in Sources */,
				FF27F5632BBD0779003B1C5B /* @mNimMetalRenderer.nim.cpp in Sources */,
				FF9AC3EA2BB3DD7800584794 /* CppMetalRendererWrapper.mm in Sources */,
				FF27F5682BBD0BF8003B1C5B /* AppDelegate.mm in Sources */,
				FFD753AB2BAD565D0037DF49 /* ContentView.swift in Sources */,
				FFD753A92BAD565D0037DF49 /* avptest2App.swift in Sources */,
				FFD753C12BAD782D0037DF49 /* ExampleShader.metal in Sources */,
			);
			runOnlyForDeploymentPostprocessing = 0;
		};
/* End PBXSourcesBuildPhase section */

/* Begin XCBuildConfiguration section */
		FFD753B22BAD565E0037DF49 /* Debug */ = {
			isa = XCBuildConfiguration;
			buildSettings = {
				ALWAYS_SEARCH_USER_PATHS = NO;
				ASSETCATALOG_COMPILER_GENERATE_SWIFT_ASSET_SYMBOL_EXTENSIONS = YES;
				CLANG_ANALYZER_NONNULL = YES;
				CLANG_ANALYZER_NUMBER_OBJECT_CONVERSION = YES_AGGRESSIVE;
				CLANG_CXX_LANGUAGE_STANDARD = "gnu++20";
				CLANG_ENABLE_MODULES = YES;
				CLANG_ENABLE_OBJC_ARC = YES;
				CLANG_ENABLE_OBJC_WEAK = YES;
				CLANG_WARN_BLOCK_CAPTURE_AUTORELEASING = YES;
				CLANG_WARN_BOOL_CONVERSION = YES;
				CLANG_WARN_COMMA = YES;
				CLANG_WARN_CONSTANT_CONVERSION = YES;
				CLANG_WARN_DEPRECATED_OBJC_IMPLEMENTATIONS = YES;
				CLANG_WARN_DIRECT_OBJC_ISA_USAGE = YES_ERROR;
				CLANG_WARN_DOCUMENTATION_COMMENTS = YES;
				CLANG_WARN_EMPTY_BODY = YES;
				CLANG_WARN_ENUM_CONVERSION = YES;
				CLANG_WARN_INFINITE_RECURSION = YES;
				CLANG_WARN_INT_CONVERSION = YES;
				CLANG_WARN_NON_LITERAL_NULL_CONVERSION = YES;
				CLANG_WARN_OBJC_IMPLICIT_RETAIN_SELF = YES;
				CLANG_WARN_OBJC_LITERAL_CONVERSION = YES;
				CLANG_WARN_OBJC_ROOT_CLASS = YES_ERROR;
				CLANG_WARN_QUOTED_INCLUDE_IN_FRAMEWORK_HEADER = YES;
				CLANG_WARN_RANGE_LOOP_ANALYSIS = YES;
				CLANG_WARN_STRICT_PROTOTYPES = YES;
				CLANG_WARN_SUSPICIOUS_MOVE = YES;
				CLANG_WARN_UNGUARDED_AVAILABILITY = YES_AGGRESSIVE;
				CLANG_WARN_UNREACHABLE_CODE = YES;
				CLANG_WARN__DUPLICATE_METHOD_MATCH = YES;
				COPY_PHASE_STRIP = NO;
				DEBUG_INFORMATION_FORMAT = dwarf;
				ENABLE_STRICT_OBJC_MSGSEND = YES;
				ENABLE_TESTABILITY = YES;
				ENABLE_USER_SCRIPT_SANDBOXING = YES;
				GCC_C_LANGUAGE_STANDARD = gnu17;
				GCC_DYNAMIC_NO_PIC = NO;
				GCC_NO_COMMON_BLOCKS = YES;
				GCC_OPTIMIZATION_LEVEL = 0;
				GCC_PREPROCESSOR_DEFINITIONS = (
					"DEBUG=1",
					"$(inherited)",
				);
				GCC_WARN_64_TO_32_BIT_CONVERSION = YES;
				GCC_WARN_ABOUT_RETURN_TYPE = YES_ERROR;
				GCC_WARN_UNDECLARED_SELECTOR = YES;
				GCC_WARN_UNINITIALIZED_AUTOS = YES_AGGRESSIVE;
				GCC_WARN_UNUSED_FUNCTION = YES;
				GCC_WARN_UNUSED_VARIABLE = YES;
				LOCALIZATION_PREFERS_STRING_CATALOGS = YES;
				MTL_ENABLE_DEBUG_INFO = INCLUDE_SOURCE;
				MTL_FAST_MATH = YES;
				ONLY_ACTIVE_ARCH = YES;
				SDKROOT = xros;
				SWIFT_ACTIVE_COMPILATION_CONDITIONS = "DEBUG $(inherited)";
				SWIFT_OPTIMIZATION_LEVEL = "-Onone";
				XROS_DEPLOYMENT_TARGET = 1.1;
			};
			name = Debug;
		};
		FFD753B32BAD565E0037DF49 /* Release */ = {
			isa = XCBuildConfiguration;
			buildSettings = {
				ALWAYS_SEARCH_USER_PATHS = NO;
				ASSETCATALOG_COMPILER_GENERATE_SWIFT_ASSET_SYMBOL_EXTENSIONS = YES;
				CLANG_ANALYZER_NONNULL = YES;
				CLANG_ANALYZER_NUMBER_OBJECT_CONVERSION = YES_AGGRESSIVE;
				CLANG_CXX_LANGUAGE_STANDARD = "gnu++20";
				CLANG_ENABLE_MODULES = YES;
				CLANG_ENABLE_OBJC_ARC = YES;
				CLANG_ENABLE_OBJC_WEAK = YES;
				CLANG_WARN_BLOCK_CAPTURE_AUTORELEASING = YES;
				CLANG_WARN_BOOL_CONVERSION = YES;
				CLANG_WARN_COMMA = YES;
				CLANG_WARN_CONSTANT_CONVERSION = YES;
				CLANG_WARN_DEPRECATED_OBJC_IMPLEMENTATIONS = YES;
				CLANG_WARN_DIRECT_OBJC_ISA_USAGE = YES_ERROR;
				CLANG_WARN_DOCUMENTATION_COMMENTS = YES;
				CLANG_WARN_EMPTY_BODY = YES;
				CLANG_WARN_ENUM_CONVERSION = YES;
				CLANG_WARN_INFINITE_RECURSION = YES;
				CLANG_WARN_INT_CONVERSION = YES;
				CLANG_WARN_NON_LITERAL_NULL_CONVERSION = YES;
				CLANG_WARN_OBJC_IMPLICIT_RETAIN_SELF = YES;
				CLANG_WARN_OBJC_LITERAL_CONVERSION = YES;
				CLANG_WARN_OBJC_ROOT_CLASS = YES_ERROR;
				CLANG_WARN_QUOTED_INCLUDE_IN_FRAMEWORK_HEADER = YES;
				CLANG_WARN_RANGE_LOOP_ANALYSIS = YES;
				CLANG_WARN_STRICT_PROTOTYPES = YES;
				CLANG_WARN_SUSPICIOUS_MOVE = YES;
				CLANG_WARN_UNGUARDED_AVAILABILITY = YES_AGGRESSIVE;
				CLANG_WARN_UNREACHABLE_CODE = YES;
				CLANG_WARN__DUPLICATE_METHOD_MATCH = YES;
				COPY_PHASE_STRIP = NO;
				DEBUG_INFORMATION_FORMAT = "dwarf-with-dsym";
				ENABLE_NS_ASSERTIONS = NO;
				ENABLE_STRICT_OBJC_MSGSEND = YES;
				ENABLE_USER_SCRIPT_SANDBOXING = YES;
				GCC_C_LANGUAGE_STANDARD = gnu17;
				GCC_NO_COMMON_BLOCKS = YES;
				GCC_WARN_64_TO_32_BIT_CONVERSION = YES;
				GCC_WARN_ABOUT_RETURN_TYPE = YES_ERROR;
				GCC_WARN_UNDECLARED_SELECTOR = YES;
				GCC_WARN_UNINITIALIZED_AUTOS = YES_AGGRESSIVE;
				GCC_WARN_UNUSED_FUNCTION = YES;
				GCC_WARN_UNUSED_VARIABLE = YES;
				LOCALIZATION_PREFERS_STRING_CATALOGS = YES;
				MTL_ENABLE_DEBUG_INFO = NO;
				MTL_FAST_MATH = YES;
				SDKROOT = xros;
				SWIFT_COMPILATION_MODE = wholemodule;
				VALIDATE_PRODUCT = YES;
				XROS_DEPLOYMENT_TARGET = 1.1;
			};
			name = Release;
		};
		FFD753B52BAD565E0037DF49 /* Debug */ = {
			isa = XCBuildConfiguration;
			buildSettings = {
				ASSETCATALOG_COMPILER_APPICON_NAME = AppIcon;
				ASSETCATALOG_COMPILER_GLOBAL_ACCENT_COLOR_NAME = AccentColor;
				CLANG_CXX_LANGUAGE_STANDARD = "c++17";
				CLANG_ENABLE_MODULES = YES;
				CODE_SIGN_STYLE = Automatic;
				CURRENT_PROJECT_VERSION = 1;
				DEVELOPMENT_ASSET_PATHS = "\"avptest2/Preview Content\"";
				DEVELOPMENT_TEAM = U54YTW64CJ;
				ENABLE_PREVIEWS = YES;
				ENABLE_USER_SCRIPT_SANDBOXING = NO;
				GCC_C_LANGUAGE_STANDARD = c17;
				GENERATE_INFOPLIST_FILE = YES;
				HEADER_SEARCH_PATHS = "${PROJECT_DIR}/metal-cpp";
				INFOPLIST_FILE = "$(TARGET_NAME)/Info.plist";
				LD_RUNPATH_SEARCH_PATHS = (
					"$(inherited)",
					"@executable_path/Frameworks",
				);
				MARKETING_VERSION = 1.0;
				MTL_ENABLE_MODULES = "";
				PRODUCT_BUNDLE_IDENTIFIER = io.github.qszhu.avptest2;
				PRODUCT_NAME = "$(TARGET_NAME)";
				SUPPORTED_PLATFORMS = "xros xrsimulator";
				SWIFT_EMIT_LOC_STRINGS = YES;
				SWIFT_OBJC_BRIDGING_HEADER = "avptest2/avptest2-Bridging-Header.h";
				SWIFT_OPTIMIZATION_LEVEL = "-Onone";
				SWIFT_VERSION = 5.0;
				TARGETED_DEVICE_FAMILY = "1,2,7";
			};
			name = Debug;
		};
		FFD753B62BAD565E0037DF49 /* Release */ = {
			isa = XCBuildConfiguration;
			buildSettings = {
				ASSETCATALOG_COMPILER_APPICON_NAME = AppIcon;
				ASSETCATALOG_COMPILER_GLOBAL_ACCENT_COLOR_NAME = AccentColor;
				CLANG_CXX_LANGUAGE_STANDARD = "c++17";
				CLANG_ENABLE_MODULES = YES;
				CODE_SIGN_STYLE = Automatic;
				CURRENT_PROJECT_VERSION = 1;
				DEVELOPMENT_ASSET_PATHS = "\"avptest2/Preview Content\"";
				DEVELOPMENT_TEAM = U54YTW64CJ;
				ENABLE_PREVIEWS = YES;
				ENABLE_USER_SCRIPT_SANDBOXING = NO;
				GCC_C_LANGUAGE_STANDARD = c17;
				GENERATE_INFOPLIST_FILE = YES;
				HEADER_SEARCH_PATHS = "${PROJECT_DIR}/metal-cpp";
				INFOPLIST_FILE = "$(TARGET_NAME)/Info.plist";
				LD_RUNPATH_SEARCH_PATHS = (
					"$(inherited)",
					"@executable_path/Frameworks",
				);
				MARKETING_VERSION = 1.0;
				MTL_ENABLE_MODULES = "";
				PRODUCT_BUNDLE_IDENTIFIER = io.github.qszhu.avptest2;
				PRODUCT_NAME = "$(TARGET_NAME)";
				SUPPORTED_PLATFORMS = "xros xrsimulator";
				SWIFT_EMIT_LOC_STRINGS = YES;
				SWIFT_OBJC_BRIDGING_HEADER = "avptest2/avptest2-Bridging-Header.h";
				SWIFT_VERSION = 5.0;
				TARGETED_DEVICE_FAMILY = "1,2,7";
			};
			name = Release;
		};
/* End XCBuildConfiguration section */

/* Begin XCConfigurationList section */
		FFD7539C2BAD565D0037DF49 /* Build configuration list for PBXProject "avptest2" */ = {
			isa = XCConfigurationList;
			buildConfigurations = (
				FFD753B22BAD565E0037DF49 /* Debug */,
				FFD753B32BAD565E0037DF49 /* Release */,
			);
			defaultConfigurationIsVisible = 0;
			defaultConfigurationName = Release;
		};
		FFD753B42BAD565E0037DF49 /* Build configuration list for PBXNativeTarget "avptest2" */ = {
			isa = XCConfigurationList;
			buildConfigurations = (
				FFD753B52BAD565E0037DF49 /* Debug */,
				FFD753B62BAD565E0037DF49 /* Release */,
			);
			defaultConfigurationIsVisible = 0;
			defaultConfigurationName = Release;
		};
/* End XCConfigurationList section */
	};
	rootObject = FFD753992BAD565D0037DF49 /* Project object */;
}
